
Microsoft Visual Studio Solution File, Format Version 12.00
# Visual Studio Version 17
VisualStudioVersion = 17.10.35013.160
MinimumVisualStudioVersion = 10.0.40219.1
Project("{9A19103F-16F7-4668-BE54-9A1E7A4F7556}") = "C#-ADV03", "C#-ADV03\C#-ADV03.csproj", "{2F03E293-7ECC-4B62-9900-A5C97FCC22F5}"
EndProject
Project("{FAE04EC0-301F-11D3-BF4B-00C04F79EFBC}") = "ADV-03", "ADV-03\ADV-03.csproj", "{678566EB-48AF-45B7-8952-F17FEBC70D02}"
EndProject
Global
	GlobalSection(SolutionConfigurationPlatforms) = preSolution
		Debug|Any CPU = Debug|Any CPU
		Release|Any CPU = Release|Any CPU
	EndGlobalSection
	GlobalSection(ProjectConfigurationPlatforms) = postSolution
		{2F03E293-7ECC-4B62-9900-A5C97FCC22F5}.Debug|Any CPU.ActiveCfg = Debug|Any CPU
		{2F03E293-7ECC-4B62-9900-A5C97FCC22F5}.Debug|Any CPU.Build.0 = Debug|Any CPU
		{2F03E293-7ECC-4B62-9900-A5C97FCC22F5}.Release|Any CPU.ActiveCfg = Release|Any CPU
		{2F03E293-7ECC-4B62-9900-A5C97FCC22F5}.Release|Any CPU.Build.0 = Release|Any CPU
		{678566EB-48AF-45B7-8952-F17FEBC70D02}.Debug|Any CPU.ActiveCfg = Debug|Any CPU
		{678566EB-48AF-45B7-8952-F17FEBC70D02}.Debug|Any CPU.Build.0 = Debug|Any CPU
		{678566EB-48AF-45B7-8952-F17FEBC70D02}.Release|Any CPU.ActiveCfg = Release|Any CPU
		{678566EB-48AF-45B7-8952-F17FEBC70D02}.Release|Any CPU.Build.0 = Release|Any CPU
	EndGlobalSection
	GlobalSection(SolutionProperties) = preSolution
		HideSolutionNode = FALSE
	EndGlobalSection
	GlobalSection(ExtensibilityGlobals) = postSolution
		SolutionGuid = {0FF59193-BA6C-4CB2-97B5-C38C9455823B}
	EndGlobalSection
EndGlobal
